
Microsoft Visual Studio Solution File, Format Version 12.00
# Visual Studio Version 17
VisualStudioVersion = 17.1.32407.343
MinimumVisualStudioVersion = 10.0.40219.1
Project("{8BC9CEB8-8B4A-11D0-8D11-00A0C91BC942}") = "suanPan", "suanPan\suanPan.vcxproj", "{1AC2C10B-9DDD-4178-82A4-70C309C305BF}"
	ProjectSection(ProjectDependencies) = postProject
		{C8479E1D-A9C4-4FE9-B283-3F6317F9ECF5} = {C8479E1D-A9C4-4FE9-B283-3F6317F9ECF5}
		{6540EB29-E749-431D-AB70-3A5AA4053834} = {6540EB29-E749-431D-AB70-3A5AA4053834}
		{5270594C-8360-4FB3-BF8D-49BF1E51C5FE} = {5270594C-8360-4FB3-BF8D-49BF1E51C5FE}
		{E75FB1D9-6EB8-4C3B-8130-7B1CBE5EA7C1} = {E75FB1D9-6EB8-4C3B-8130-7B1CBE5EA7C1}
		{C41240E3-D993-440D-B994-4C721A27BC51} = {C41240E3-D993-440D-B994-4C721A27BC51}
		{31EA0BFE-5ADF-4CA5-808F-C3AB41E4AFE0} = {31EA0BFE-5ADF-4CA5-808F-C3AB41E4AFE0}
		{245BA1FE-5C90-492F-B308-65A6C0068A69} = {245BA1FE-5C90-492F-B308-65A6C0068A69}
	EndProjectSection
EndProject
Project("{2150E333-8FDC-42A3-9474-1A3956D46DE8}") = "External Libraries", "External Libraries", "{04BD7C4D-B05C-4173-A53F-0DEFCDAF6CE3}"
EndProject
Project("{6989167D-11E4-40FE-8C1A-2192A86A7E90}") = "amd", "amd\amd.vfproj", "{C8479E1D-A9C4-4FE9-B283-3F6317F9ECF5}"
EndProject
Project("{6989167D-11E4-40FE-8C1A-2192A86A7E90}") = "arpack", "arpack\arpack.vfproj", "{E75FB1D9-6EB8-4C3B-8130-7B1CBE5EA7C1}"
EndProject
Project("{6989167D-11E4-40FE-8C1A-2192A86A7E90}") = "spmm", "spmm\spmm.vfproj", "{6540EB29-E749-431D-AB70-3A5AA4053834}"
EndProject
Project("{6989167D-11E4-40FE-8C1A-2192A86A7E90}") = "feast", "feast\feast.vfproj", "{245BA1FE-5C90-492F-B308-65A6C0068A69}"
EndProject
Project("{6989167D-11E4-40FE-8C1A-2192A86A7E90}") = "mumps_f", "mumps_f\mumps_f.vfproj", "{C41240E3-D993-440D-B994-4C721A27BC51}"
	ProjectSection(ProjectDependencies) = postProject
		{31EA0BFE-5ADF-4CA5-808F-C3AB41E4AFE0} = {31EA0BFE-5ADF-4CA5-808F-C3AB41E4AFE0}
	EndProjectSection
EndProject
Project("{2150E333-8FDC-42A3-9474-1A3956D46DE8}") = "C", "C", "{86C5CA2F-6514-413E-AC69-0DD78BBB9C33}"
EndProject
Project("{2150E333-8FDC-42A3-9474-1A3956D46DE8}") = "F", "F", "{10DA8914-6427-42A5-B20C-96CE5DDE8301}"
EndProject
Project("{8BC9CEB8-8B4A-11D0-8D11-00A0C91BC942}") = "mumps_c", "mumps_c\mumps_c.vcxproj", "{C8D30F22-A2AB-4840-A089-E1E5E647DD50}"
	ProjectSection(ProjectDependencies) = postProject
		{31EA0BFE-5ADF-4CA5-808F-C3AB41E4AFE0} = {31EA0BFE-5ADF-4CA5-808F-C3AB41E4AFE0}
	EndProjectSection
EndProject
Project("{8BC9CEB8-8B4A-11D0-8D11-00A0C91BC942}") = "superlu", "superlu\superlu.vcxproj", "{5270594C-8360-4FB3-BF8D-49BF1E51C5FE}"
EndProject
Project("{8BC9CEB8-8B4A-11D0-8D11-00A0C91BC942}") = "superlumt", "superlumt\superlumt.vcxproj", "{9F5ED868-5056-4B24-BAFE-4236CBD8DE26}"
EndProject
Project("{2150E333-8FDC-42A3-9474-1A3956D46DE8}") = "DLL Examples", "DLL Examples", "{0356706B-BEA9-4D7C-A653-CEEAE41865BA}"
EndProject
Project("{8BC9CEB8-8B4A-11D0-8D11-00A0C91BC942}") = "ElementExample", "ElementExample\ElementExample.vcxproj", "{DFA8B290-0D42-419C-9116-C18A9531AFA0}"
	ProjectSection(ProjectDependencies) = postProject
		{1AC2C10B-9DDD-4178-82A4-70C309C305BF} = {1AC2C10B-9DDD-4178-82A4-70C309C305BF}
	EndProjectSection
EndProject
Project("{8BC9CEB8-8B4A-11D0-8D11-00A0C91BC942}") = "MaterialExample", "MaterialExample\MaterialExample.vcxproj", "{3474628B-F0D3-4C02-9411-9F2DB06F255B}"
	ProjectSection(ProjectDependencies) = postProject
		{1AC2C10B-9DDD-4178-82A4-70C309C305BF} = {1AC2C10B-9DDD-4178-82A4-70C309C305BF}
	EndProjectSection
EndProject
Project("{8BC9CEB8-8B4A-11D0-8D11-00A0C91BC942}") = "ModifierExample", "ModifierExample\ModifierExample.vcxproj", "{7D74F919-784E-4977-A799-BD4CED60753A}"
	ProjectSection(ProjectDependencies) = postProject
		{1AC2C10B-9DDD-4178-82A4-70C309C305BF} = {1AC2C10B-9DDD-4178-82A4-70C309C305BF}
	EndProjectSection
EndProject
Project("{8BC9CEB8-8B4A-11D0-8D11-00A0C91BC942}") = "SectionExample", "SectionExample\SectionExample.vcxproj", "{95759A2F-F5F6-4B02-B26B-8DB5E896D39E}"
	ProjectSection(ProjectDependencies) = postProject
		{1AC2C10B-9DDD-4178-82A4-70C309C305BF} = {1AC2C10B-9DDD-4178-82A4-70C309C305BF}
	EndProjectSection
EndProject
Project("{8BC9CEB8-8B4A-11D0-8D11-00A0C91BC942}") = "ModuleBundle", "ModuleBundle\ModuleBundle.vcxproj", "{586A1344-459A-4BEB-89D8-08FD37DED320}"
	ProjectSection(ProjectDependencies) = postProject
		{1AC2C10B-9DDD-4178-82A4-70C309C305BF} = {1AC2C10B-9DDD-4178-82A4-70C309C305BF}
	EndProjectSection
EndProject
Project("{8BC9CEB8-8B4A-11D0-8D11-00A0C91BC942}") = "metis", "metis\metis.vcxproj", "{31EA0BFE-5ADF-4CA5-808F-C3AB41E4AFE0}"
EndProject
Global
	GlobalSection(SolutionConfigurationPlatforms) = preSolution
		Debug|x64 = Debug|x64
		Release|x64 = Release|x64
	EndGlobalSection
	GlobalSection(ProjectConfigurationPlatforms) = postSolution
		{1AC2C10B-9DDD-4178-82A4-70C309C305BF}.Debug|x64.ActiveCfg = Debug|x64
		{1AC2C10B-9DDD-4178-82A4-70C309C305BF}.Debug|x64.Build.0 = Debug|x64
		{1AC2C10B-9DDD-4178-82A4-70C309C305BF}.Release|x64.ActiveCfg = Release|x64
		{1AC2C10B-9DDD-4178-82A4-70C309C305BF}.Release|x64.Build.0 = Release|x64
		{C8479E1D-A9C4-4FE9-B283-3F6317F9ECF5}.Debug|x64.ActiveCfg = Release|x64
		{C8479E1D-A9C4-4FE9-B283-3F6317F9ECF5}.Release|x64.ActiveCfg = Release|x64
		{C8479E1D-A9C4-4FE9-B283-3F6317F9ECF5}.Release|x64.Build.0 = Release|x64
		{E75FB1D9-6EB8-4C3B-8130-7B1CBE5EA7C1}.Debug|x64.ActiveCfg = Release|x64
		{E75FB1D9-6EB8-4C3B-8130-7B1CBE5EA7C1}.Release|x64.ActiveCfg = Release|x64
		{E75FB1D9-6EB8-4C3B-8130-7B1CBE5EA7C1}.Release|x64.Build.0 = Release|x64
		{6540EB29-E749-431D-AB70-3A5AA4053834}.Debug|x64.ActiveCfg = Release|x64
		{6540EB29-E749-431D-AB70-3A5AA4053834}.Release|x64.ActiveCfg = Release|x64
		{6540EB29-E749-431D-AB70-3A5AA4053834}.Release|x64.Build.0 = Release|x64
		{245BA1FE-5C90-492F-B308-65A6C0068A69}.Debug|x64.ActiveCfg = Release|x64
		{245BA1FE-5C90-492F-B308-65A6C0068A69}.Release|x64.ActiveCfg = Release|x64
		{245BA1FE-5C90-492F-B308-65A6C0068A69}.Release|x64.Build.0 = Release|x64
		{C41240E3-D993-440D-B994-4C721A27BC51}.Debug|x64.ActiveCfg = Release|x64
		{C41240E3-D993-440D-B994-4C721A27BC51}.Release|x64.ActiveCfg = Release|x64
		{C41240E3-D993-440D-B994-4C721A27BC51}.Release|x64.Build.0 = Release|x64
		{C8D30F22-A2AB-4840-A089-E1E5E647DD50}.Debug|x64.ActiveCfg = Release|x64
		{C8D30F22-A2AB-4840-A089-E1E5E647DD50}.Release|x64.ActiveCfg = Release|x64
		{C8D30F22-A2AB-4840-A089-E1E5E647DD50}.Release|x64.Build.0 = Release|x64
		{5270594C-8360-4FB3-BF8D-49BF1E51C5FE}.Debug|x64.ActiveCfg = Debug|x64
		{5270594C-8360-4FB3-BF8D-49BF1E51C5FE}.Debug|x64.Build.0 = Debug|x64
		{5270594C-8360-4FB3-BF8D-49BF1E51C5FE}.Release|x64.ActiveCfg = Release|x64
		{5270594C-8360-4FB3-BF8D-49BF1E51C5FE}.Release|x64.Build.0 = Release|x64
		{9F5ED868-5056-4B24-BAFE-4236CBD8DE26}.Debug|x64.ActiveCfg = Debug|x64
		{9F5ED868-5056-4B24-BAFE-4236CBD8DE26}.Debug|x64.Build.0 = Debug|x64
		{9F5ED868-5056-4B24-BAFE-4236CBD8DE26}.Release|x64.ActiveCfg = Release|x64
		{9F5ED868-5056-4B24-BAFE-4236CBD8DE26}.Release|x64.Build.0 = Release|x64
		{DFA8B290-0D42-419C-9116-C18A9531AFA0}.Debug|x64.ActiveCfg = Debug|x64
		{DFA8B290-0D42-419C-9116-C18A9531AFA0}.Debug|x64.Build.0 = Debug|x64
		{DFA8B290-0D42-419C-9116-C18A9531AFA0}.Release|x64.ActiveCfg = Debug|x64
		{3474628B-F0D3-4C02-9411-9F2DB06F255B}.Debug|x64.ActiveCfg = Debug|x64
		{3474628B-F0D3-4C02-9411-9F2DB06F255B}.Debug|x64.Build.0 = Debug|x64
		{3474628B-F0D3-4C02-9411-9F2DB06F255B}.Release|x64.ActiveCfg = Debug|x64
		{7D74F919-784E-4977-A799-BD4CED60753A}.Debug|x64.ActiveCfg = Debug|x64
		{7D74F919-784E-4977-A799-BD4CED60753A}.Debug|x64.Build.0 = Debug|x64
		{7D74F919-784E-4977-A799-BD4CED60753A}.Release|x64.ActiveCfg = Debug|x64
		{95759A2F-F5F6-4B02-B26B-8DB5E896D39E}.Debug|x64.ActiveCfg = Debug|x64
		{95759A2F-F5F6-4B02-B26B-8DB5E896D39E}.Debug|x64.Build.0 = Debug|x64
		{95759A2F-F5F6-4B02-B26B-8DB5E896D39E}.Release|x64.ActiveCfg = Debug|x64
		{586A1344-459A-4BEB-89D8-08FD37DED320}.Debug|x64.ActiveCfg = Debug|x64
		{586A1344-459A-4BEB-89D8-08FD37DED320}.Debug|x64.Build.0 = Debug|x64
		{586A1344-459A-4BEB-89D8-08FD37DED320}.Release|x64.ActiveCfg = Debug|x64
		{31EA0BFE-5ADF-4CA5-808F-C3AB41E4AFE0}.Debug|x64.ActiveCfg = Debug|x64
		{31EA0BFE-5ADF-4CA5-808F-C3AB41E4AFE0}.Debug|x64.Build.0 = Debug|x64
		{31EA0BFE-5ADF-4CA5-808F-C3AB41E4AFE0}.Release|x64.ActiveCfg = Release|x64
		{31EA0BFE-5ADF-4CA5-808F-C3AB41E4AFE0}.Release|x64.Build.0 = Release|x64
	EndGlobalSection
	GlobalSection(SolutionProperties) = preSolution
		HideSolutionNode = FALSE
	EndGlobalSection
	GlobalSection(NestedProjects) = preSolution
		{C8479E1D-A9C4-4FE9-B283-3F6317F9ECF5} = {10DA8914-6427-42A5-B20C-96CE5DDE8301}
		{E75FB1D9-6EB8-4C3B-8130-7B1CBE5EA7C1} = {10DA8914-6427-42A5-B20C-96CE5DDE8301}
		{6540EB29-E749-431D-AB70-3A5AA4053834} = {10DA8914-6427-42A5-B20C-96CE5DDE8301}
		{245BA1FE-5C90-492F-B308-65A6C0068A69} = {10DA8914-6427-42A5-B20C-96CE5DDE8301}
		{C41240E3-D993-440D-B994-4C721A27BC51} = {10DA8914-6427-42A5-B20C-96CE5DDE8301}
		{86C5CA2F-6514-413E-AC69-0DD78BBB9C33} = {04BD7C4D-B05C-4173-A53F-0DEFCDAF6CE3}
		{10DA8914-6427-42A5-B20C-96CE5DDE8301} = {04BD7C4D-B05C-4173-A53F-0DEFCDAF6CE3}
		{C8D30F22-A2AB-4840-A089-E1E5E647DD50} = {86C5CA2F-6514-413E-AC69-0DD78BBB9C33}
		{5270594C-8360-4FB3-BF8D-49BF1E51C5FE} = {86C5CA2F-6514-413E-AC69-0DD78BBB9C33}
		{9F5ED868-5056-4B24-BAFE-4236CBD8DE26} = {86C5CA2F-6514-413E-AC69-0DD78BBB9C33}
		{DFA8B290-0D42-419C-9116-C18A9531AFA0} = {0356706B-BEA9-4D7C-A653-CEEAE41865BA}
		{3474628B-F0D3-4C02-9411-9F2DB06F255B} = {0356706B-BEA9-4D7C-A653-CEEAE41865BA}
		{7D74F919-784E-4977-A799-BD4CED60753A} = {0356706B-BEA9-4D7C-A653-CEEAE41865BA}
		{95759A2F-F5F6-4B02-B26B-8DB5E896D39E} = {0356706B-BEA9-4D7C-A653-CEEAE41865BA}
		{586A1344-459A-4BEB-89D8-08FD37DED320} = {0356706B-BEA9-4D7C-A653-CEEAE41865BA}
		{31EA0BFE-5ADF-4CA5-808F-C3AB41E4AFE0} = {86C5CA2F-6514-413E-AC69-0DD78BBB9C33}
	EndGlobalSection
	GlobalSection(ExtensibilityGlobals) = postSolution
		SolutionGuid = {E248FAF2-3C38-4DAB-A5B2-FD55C38305DE}
	EndGlobalSection
EndGlobal
