<?xml version="1.0" encoding="utf-8"?>
<Project ToolsVersion="4.0" xmlns="http://schemas.microsoft.com/developer/msbuild/2003">
  <ItemGroup>
    <Filter Include="SRC">
      <UniqueIdentifier>{4FC737F1-C7A5-4376-A066-2A32D752A2FF}</UniqueIdentifier>
      <Extensions>cpp;c;cc;cxx;c++;cppm;ixx;def;odl;idl;hpj;bat;asm;asmx</Extensions>
    </Filter>
  </ItemGroup>
  <ItemGroup>
    <ClCompile Include="..\..\..\Toolbox\superlu-src\zutil.c">
      <Filter>SRC</Filter>
    </ClCompile>
    <ClCompile Include="..\..\..\Toolbox\superlu-src\zsp_blas3.c">
      <Filter>SRC</Filter>
    </ClCompile>
    <ClCompile Include="..\..\..\Toolbox\superlu-src\zsp_blas2.c">
      <Filter>SRC</Filter>
    </ClCompile>
    <ClCompile Include="..\..\..\Toolbox\superlu-src\zsnode_dfs.c">
      <Filter>SRC</Filter>
    </ClCompile>
    <ClCompile Include="..\..\..\Toolbox\superlu-src\zsnode_bmod.c">
      <Filter>SRC</Filter>
    </ClCompile>
    <ClCompile Include="..\..\..\Toolbox\superlu-src\zreadtriple.c">
      <Filter>SRC</Filter>
    </ClCompile>
    <ClCompile Include="..\..\..\Toolbox\superlu-src\zreadrb.c">
      <Filter>SRC</Filter>
    </ClCompile>
    <ClCompile Include="..\..\..\Toolbox\superlu-src\zreadMM.c">
      <Filter>SRC</Filter>
    </ClCompile>
    <ClCompile Include="..\..\..\Toolbox\superlu-src\zreadhb.c">
      <Filter>SRC</Filter>
    </ClCompile>
    <ClCompile Include="..\..\..\Toolbox\superlu-src\zpruneL.c">
      <Filter>SRC</Filter>
    </ClCompile>
    <ClCompile Include="..\..\..\Toolbox\superlu-src\zpivotL.c">
      <Filter>SRC</Filter>
    </ClCompile>
    <ClCompile Include="..\..\..\Toolbox\superlu-src\zpivotgrowth.c">
      <Filter>SRC</Filter>
    </ClCompile>
    <ClCompile Include="..\..\..\Toolbox\superlu-src\zpanel_dfs.c">
      <Filter>SRC</Filter>
    </ClCompile>
    <ClCompile Include="..\..\..\Toolbox\superlu-src\zpanel_bmod.c">
      <Filter>SRC</Filter>
    </ClCompile>
    <ClCompile Include="..\..\..\Toolbox\superlu-src\zmyblas2.c">
      <Filter>SRC</Filter>
    </ClCompile>
    <ClCompile Include="..\..\..\Toolbox\superlu-src\zmemory.c">
      <Filter>SRC</Filter>
    </ClCompile>
    <ClCompile Include="..\..\..\Toolbox\superlu-src\zldperm.c">
      <Filter>SRC</Filter>
    </ClCompile>
    <ClCompile Include="..\..\..\Toolbox\superlu-src\zlaqgs.c">
      <Filter>SRC</Filter>
    </ClCompile>
    <ClCompile Include="..\..\..\Toolbox\superlu-src\zlangs.c">
      <Filter>SRC</Filter>
    </ClCompile>
    <ClCompile Include="..\..\..\Toolbox\superlu-src\zlacon2.c">
      <Filter>SRC</Filter>
    </ClCompile>
    <ClCompile Include="..\..\..\Toolbox\superlu-src\zgstrs.c">
      <Filter>SRC</Filter>
    </ClCompile>
    <ClCompile Include="..\..\..\Toolbox\superlu-src\zgstrf.c">
      <Filter>SRC</Filter>
    </ClCompile>
    <ClCompile Include="..\..\..\Toolbox\superlu-src\zgssvx.c">
      <Filter>SRC</Filter>
    </ClCompile>
    <ClCompile Include="..\..\..\Toolbox\superlu-src\zgssv.c">
      <Filter>SRC</Filter>
    </ClCompile>
    <ClCompile Include="..\..\..\Toolbox\superlu-src\zgsrfs.c">
      <Filter>SRC</Filter>
    </ClCompile>
    <ClCompile Include="..\..\..\Toolbox\superlu-src\zgsitrf.c">
      <Filter>SRC</Filter>
    </ClCompile>
    <ClCompile Include="..\..\..\Toolbox\superlu-src\zgsisx.c">
      <Filter>SRC</Filter>
    </ClCompile>
    <ClCompile Include="..\..\..\Toolbox\superlu-src\zgsequ.c">
      <Filter>SRC</Filter>
    </ClCompile>
    <ClCompile Include="..\..\..\Toolbox\superlu-src\zgscon.c">
      <Filter>SRC</Filter>
    </ClCompile>
    <ClCompile Include="..\..\..\Toolbox\superlu-src\zdiagonal.c">
      <Filter>SRC</Filter>
    </ClCompile>
    <ClCompile Include="..\..\..\Toolbox\superlu-src\zcopy_to_ucol.c">
      <Filter>SRC</Filter>
    </ClCompile>
    <ClCompile Include="..\..\..\Toolbox\superlu-src\zcolumn_dfs.c">
      <Filter>SRC</Filter>
    </ClCompile>
    <ClCompile Include="..\..\..\Toolbox\superlu-src\zcolumn_bmod.c">
      <Filter>SRC</Filter>
    </ClCompile>
    <ClCompile Include="..\..\..\Toolbox\superlu-src\util.c">
      <Filter>SRC</Filter>
    </ClCompile>
    <ClCompile Include="..\..\..\Toolbox\superlu-src\sutil.c">
      <Filter>SRC</Filter>
    </ClCompile>
    <ClCompile Include="..\..\..\Toolbox\superlu-src\superlu_timer.c">
      <Filter>SRC</Filter>
    </ClCompile>
    <ClCompile Include="..\..\..\Toolbox\superlu-src\ssp_blas3.c">
      <Filter>SRC</Filter>
    </ClCompile>
    <ClCompile Include="..\..\..\Toolbox\superlu-src\ssp_blas2.c">
      <Filter>SRC</Filter>
    </ClCompile>
    <ClCompile Include="..\..\..\Toolbox\superlu-src\ssnode_dfs.c">
      <Filter>SRC</Filter>
    </ClCompile>
    <ClCompile Include="..\..\..\Toolbox\superlu-src\ssnode_bmod.c">
      <Filter>SRC</Filter>
    </ClCompile>
    <ClCompile Include="..\..\..\Toolbox\superlu-src\sreadtriple.c">
      <Filter>SRC</Filter>
    </ClCompile>
    <ClCompile Include="..\..\..\Toolbox\superlu-src\sreadrb.c">
      <Filter>SRC</Filter>
    </ClCompile>
    <ClCompile Include="..\..\..\Toolbox\superlu-src\sreadMM.c">
      <Filter>SRC</Filter>
    </ClCompile>
    <ClCompile Include="..\..\..\Toolbox\superlu-src\sreadhb.c">
      <Filter>SRC</Filter>
    </ClCompile>
    <ClCompile Include="..\..\..\Toolbox\superlu-src\spruneL.c">
      <Filter>SRC</Filter>
    </ClCompile>
    <ClCompile Include="..\..\..\Toolbox\superlu-src\spivotL.c">
      <Filter>SRC</Filter>
    </ClCompile>
    <ClCompile Include="..\..\..\Toolbox\superlu-src\spivotgrowth.c">
      <Filter>SRC</Filter>
    </ClCompile>
    <ClCompile Include="..\..\..\Toolbox\superlu-src\spanel_dfs.c">
      <Filter>SRC</Filter>
    </ClCompile>
    <ClCompile Include="..\..\..\Toolbox\superlu-src\spanel_bmod.c">
      <Filter>SRC</Filter>
    </ClCompile>
    <ClCompile Include="..\..\..\Toolbox\superlu-src\sp_preorder.c">
      <Filter>SRC</Filter>
    </ClCompile>
    <ClCompile Include="..\..\..\Toolbox\superlu-src\sp_ienv.c">
      <Filter>SRC</Filter>
    </ClCompile>
    <ClCompile Include="..\..\..\Toolbox\superlu-src\sp_coletree.c">
      <Filter>SRC</Filter>
    </ClCompile>
    <ClCompile Include="..\..\..\Toolbox\superlu-src\smyblas2.c">
      <Filter>SRC</Filter>
    </ClCompile>
    <ClCompile Include="..\..\..\Toolbox\superlu-src\smemory.c">
      <Filter>SRC</Filter>
    </ClCompile>
    <ClCompile Include="..\..\..\Toolbox\superlu-src\smach.c">
      <Filter>SRC</Filter>
    </ClCompile>
    <ClCompile Include="..\..\..\Toolbox\superlu-src\sldperm.c">
      <Filter>SRC</Filter>
    </ClCompile>
    <ClCompile Include="..\..\..\Toolbox\superlu-src\slaqgs.c">
      <Filter>SRC</Filter>
    </ClCompile>
    <ClCompile Include="..\..\..\Toolbox\superlu-src\slangs.c">
      <Filter>SRC</Filter>
    </ClCompile>
    <ClCompile Include="..\..\..\Toolbox\superlu-src\slacon2.c">
      <Filter>SRC</Filter>
    </ClCompile>
    <ClCompile Include="..\..\..\Toolbox\superlu-src\sgstrs.c">
      <Filter>SRC</Filter>
    </ClCompile>
    <ClCompile Include="..\..\..\Toolbox\superlu-src\sgstrf.c">
      <Filter>SRC</Filter>
    </ClCompile>
    <ClCompile Include="..\..\..\Toolbox\superlu-src\sgssvx.c">
      <Filter>SRC</Filter>
    </ClCompile>
    <ClCompile Include="..\..\..\Toolbox\superlu-src\sgssv.c">
      <Filter>SRC</Filter>
    </ClCompile>
    <ClCompile Include="..\..\..\Toolbox\superlu-src\sgsrfs.c">
      <Filter>SRC</Filter>
    </ClCompile>
    <ClCompile Include="..\..\..\Toolbox\superlu-src\sgsitrf.c">
      <Filter>SRC</Filter>
    </ClCompile>
    <ClCompile Include="..\..\..\Toolbox\superlu-src\sgsisx.c">
      <Filter>SRC</Filter>
    </ClCompile>
    <ClCompile Include="..\..\..\Toolbox\superlu-src\sgsequ.c">
      <Filter>SRC</Filter>
    </ClCompile>
    <ClCompile Include="..\..\..\Toolbox\superlu-src\sgscon.c">
      <Filter>SRC</Filter>
    </ClCompile>
    <ClCompile Include="..\..\..\Toolbox\superlu-src\sdiagonal.c">
      <Filter>SRC</Filter>
    </ClCompile>
    <ClCompile Include="..\..\..\Toolbox\superlu-src\scsum1.c">
      <Filter>SRC</Filter>
    </ClCompile>
    <ClCompile Include="..\..\..\Toolbox\superlu-src\scopy_to_ucol.c">
      <Filter>SRC</Filter>
    </ClCompile>
    <ClCompile Include="..\..\..\Toolbox\superlu-src\scomplex.c">
      <Filter>SRC</Filter>
    </ClCompile>
    <ClCompile Include="..\..\..\Toolbox\superlu-src\scolumn_dfs.c">
      <Filter>SRC</Filter>
    </ClCompile>
    <ClCompile Include="..\..\..\Toolbox\superlu-src\scolumn_bmod.c">
      <Filter>SRC</Filter>
    </ClCompile>
    <ClCompile Include="..\..\..\Toolbox\superlu-src\relax_snode.c">
      <Filter>SRC</Filter>
    </ClCompile>
    <ClCompile Include="..\..\..\Toolbox\superlu-src\qselect.c">
      <Filter>SRC</Filter>
    </ClCompile>
    <ClCompile Include="..\..\..\Toolbox\superlu-src\mmd.c">
      <Filter>SRC</Filter>
    </ClCompile>
    <ClCompile Include="..\..\..\Toolbox\superlu-src\memory.c">
      <Filter>SRC</Filter>
    </ClCompile>
    <ClCompile Include="..\..\..\Toolbox\superlu-src\mc64ad.c">
      <Filter>SRC</Filter>
    </ClCompile>
    <ClCompile Include="..\..\..\Toolbox\superlu-src\mark_relax.c">
      <Filter>SRC</Filter>
    </ClCompile>
    <ClCompile Include="..\..\..\Toolbox\superlu-src\izmax1.c">
      <Filter>SRC</Filter>
    </ClCompile>
    <ClCompile Include="..\..\..\Toolbox\superlu-src\input_error.c">
      <Filter>SRC</Filter>
    </ClCompile>
    <ClCompile Include="..\..\..\Toolbox\superlu-src\ilu_zsnode_dfs.c">
      <Filter>SRC</Filter>
    </ClCompile>
    <ClCompile Include="..\..\..\Toolbox\superlu-src\ilu_zpivotL.c">
      <Filter>SRC</Filter>
    </ClCompile>
    <ClCompile Include="..\..\..\Toolbox\superlu-src\ilu_zpanel_dfs.c">
      <Filter>SRC</Filter>
    </ClCompile>
    <ClCompile Include="..\..\..\Toolbox\superlu-src\ilu_zdrop_row.c">
      <Filter>SRC</Filter>
    </ClCompile>
    <ClCompile Include="..\..\..\Toolbox\superlu-src\ilu_zcopy_to_ucol.c">
      <Filter>SRC</Filter>
    </ClCompile>
    <ClCompile Include="..\..\..\Toolbox\superlu-src\ilu_zcolumn_dfs.c">
      <Filter>SRC</Filter>
    </ClCompile>
    <ClCompile Include="..\..\..\Toolbox\superlu-src\ilu_ssnode_dfs.c">
      <Filter>SRC</Filter>
    </ClCompile>
    <ClCompile Include="..\..\..\Toolbox\superlu-src\ilu_spivotL.c">
      <Filter>SRC</Filter>
    </ClCompile>
    <ClCompile Include="..\..\..\Toolbox\superlu-src\ilu_spanel_dfs.c">
      <Filter>SRC</Filter>
    </ClCompile>
    <ClCompile Include="..\..\..\Toolbox\superlu-src\ilu_sdrop_row.c">
      <Filter>SRC</Filter>
    </ClCompile>
    <ClCompile Include="..\..\..\Toolbox\superlu-src\ilu_scopy_to_ucol.c">
      <Filter>SRC</Filter>
    </ClCompile>
    <ClCompile Include="..\..\..\Toolbox\superlu-src\ilu_scolumn_dfs.c">
      <Filter>SRC</Filter>
    </ClCompile>
    <ClCompile Include="..\..\..\Toolbox\superlu-src\ilu_relax_snode.c">
      <Filter>SRC</Filter>
    </ClCompile>
    <ClCompile Include="..\..\..\Toolbox\superlu-src\ilu_heap_relax_snode.c">
      <Filter>SRC</Filter>
    </ClCompile>
    <ClCompile Include="..\..\..\Toolbox\superlu-src\ilu_dsnode_dfs.c">
      <Filter>SRC</Filter>
    </ClCompile>
    <ClCompile Include="..\..\..\Toolbox\superlu-src\ilu_dpivotL.c">
      <Filter>SRC</Filter>
    </ClCompile>
    <ClCompile Include="..\..\..\Toolbox\superlu-src\ilu_dpanel_dfs.c">
      <Filter>SRC</Filter>
    </ClCompile>
    <ClCompile Include="..\..\..\Toolbox\superlu-src\ilu_ddrop_row.c">
      <Filter>SRC</Filter>
    </ClCompile>
    <ClCompile Include="..\..\..\Toolbox\superlu-src\ilu_dcopy_to_ucol.c">
      <Filter>SRC</Filter>
    </ClCompile>
    <ClCompile Include="..\..\..\Toolbox\superlu-src\ilu_dcolumn_dfs.c">
      <Filter>SRC</Filter>
    </ClCompile>
    <ClCompile Include="..\..\..\Toolbox\superlu-src\ilu_csnode_dfs.c">
      <Filter>SRC</Filter>
    </ClCompile>
    <ClCompile Include="..\..\..\Toolbox\superlu-src\ilu_cpivotL.c">
      <Filter>SRC</Filter>
    </ClCompile>
    <ClCompile Include="..\..\..\Toolbox\superlu-src\ilu_cpanel_dfs.c">
      <Filter>SRC</Filter>
    </ClCompile>
    <ClCompile Include="..\..\..\Toolbox\superlu-src\ilu_cdrop_row.c">
      <Filter>SRC</Filter>
    </ClCompile>
    <ClCompile Include="..\..\..\Toolbox\superlu-src\ilu_ccopy_to_ucol.c">
      <Filter>SRC</Filter>
    </ClCompile>
    <ClCompile Include="..\..\..\Toolbox\superlu-src\ilu_ccolumn_dfs.c">
      <Filter>SRC</Filter>
    </ClCompile>
    <ClCompile Include="..\..\..\Toolbox\superlu-src\icmax1.c">
      <Filter>SRC</Filter>
    </ClCompile>
    <ClCompile Include="..\..\..\Toolbox\superlu-src\heap_relax_snode.c">
      <Filter>SRC</Filter>
    </ClCompile>
    <ClCompile Include="..\..\..\Toolbox\superlu-src\get_perm_c.c">
      <Filter>SRC</Filter>
    </ClCompile>
    <ClCompile Include="..\..\..\Toolbox\superlu-src\dzsum1.c">
      <Filter>SRC</Filter>
    </ClCompile>
    <ClCompile Include="..\..\..\Toolbox\superlu-src\dutil.c">
      <Filter>SRC</Filter>
    </ClCompile>
    <ClCompile Include="..\..\..\Toolbox\superlu-src\dsp_blas3.c">
      <Filter>SRC</Filter>
    </ClCompile>
    <ClCompile Include="..\..\..\Toolbox\superlu-src\dsp_blas2.c">
      <Filter>SRC</Filter>
    </ClCompile>
    <ClCompile Include="..\..\..\Toolbox\superlu-src\dsnode_dfs.c">
      <Filter>SRC</Filter>
    </ClCompile>
    <ClCompile Include="..\..\..\Toolbox\superlu-src\dsnode_bmod.c">
      <Filter>SRC</Filter>
    </ClCompile>
    <ClCompile Include="..\..\..\Toolbox\superlu-src\dreadtriple.c">
      <Filter>SRC</Filter>
    </ClCompile>
    <ClCompile Include="..\..\..\Toolbox\superlu-src\dreadrb.c">
      <Filter>SRC</Filter>
    </ClCompile>
    <ClCompile Include="..\..\..\Toolbox\superlu-src\dreadMM.c">
      <Filter>SRC</Filter>
    </ClCompile>
    <ClCompile Include="..\..\..\Toolbox\superlu-src\dreadhb.c">
      <Filter>SRC</Filter>
    </ClCompile>
    <ClCompile Include="..\..\..\Toolbox\superlu-src\dpruneL.c">
      <Filter>SRC</Filter>
    </ClCompile>
    <ClCompile Include="..\..\..\Toolbox\superlu-src\dpivotL.c">
      <Filter>SRC</Filter>
    </ClCompile>
    <ClCompile Include="..\..\..\Toolbox\superlu-src\dpivotgrowth.c">
      <Filter>SRC</Filter>
    </ClCompile>
    <ClCompile Include="..\..\..\Toolbox\superlu-src\dpanel_dfs.c">
      <Filter>SRC</Filter>
    </ClCompile>
    <ClCompile Include="..\..\..\Toolbox\superlu-src\dpanel_bmod.c">
      <Filter>SRC</Filter>
    </ClCompile>
    <ClCompile Include="..\..\..\Toolbox\superlu-src\dmyblas2.c">
      <Filter>SRC</Filter>
    </ClCompile>
    <ClCompile Include="..\..\..\Toolbox\superlu-src\dmemory.c">
      <Filter>SRC</Filter>
    </ClCompile>
    <ClCompile Include="..\..\..\Toolbox\superlu-src\dmach.c">
      <Filter>SRC</Filter>
    </ClCompile>
    <ClCompile Include="..\..\..\Toolbox\superlu-src\dldperm.c">
      <Filter>SRC</Filter>
    </ClCompile>
    <ClCompile Include="..\..\..\Toolbox\superlu-src\dlaqgs.c">
      <Filter>SRC</Filter>
    </ClCompile>
    <ClCompile Include="..\..\..\Toolbox\superlu-src\dlangs.c">
      <Filter>SRC</Filter>
    </ClCompile>
    <ClCompile Include="..\..\..\Toolbox\superlu-src\dlacon2.c">
      <Filter>SRC</Filter>
    </ClCompile>
    <ClCompile Include="..\..\..\Toolbox\superlu-src\dgstrs.c">
      <Filter>SRC</Filter>
    </ClCompile>
    <ClCompile Include="..\..\..\Toolbox\superlu-src\dgstrf.c">
      <Filter>SRC</Filter>
    </ClCompile>
    <ClCompile Include="..\..\..\Toolbox\superlu-src\dgssvx.c">
      <Filter>SRC</Filter>
    </ClCompile>
    <ClCompile Include="..\..\..\Toolbox\superlu-src\dgssv.c">
      <Filter>SRC</Filter>
    </ClCompile>
    <ClCompile Include="..\..\..\Toolbox\superlu-src\dgsrfs.c">
      <Filter>SRC</Filter>
    </ClCompile>
    <ClCompile Include="..\..\..\Toolbox\superlu-src\dgsitrf.c">
      <Filter>SRC</Filter>
    </ClCompile>
    <ClCompile Include="..\..\..\Toolbox\superlu-src\dgsisx.c">
      <Filter>SRC</Filter>
    </ClCompile>
    <ClCompile Include="..\..\..\Toolbox\superlu-src\dgsequ.c">
      <Filter>SRC</Filter>
    </ClCompile>
    <ClCompile Include="..\..\..\Toolbox\superlu-src\dgscon.c">
      <Filter>SRC</Filter>
    </ClCompile>
    <ClCompile Include="..\..\..\Toolbox\superlu-src\dGetDiagU.c">
      <Filter>SRC</Filter>
    </ClCompile>
    <ClCompile Include="..\..\..\Toolbox\superlu-src\ddiagonal.c">
      <Filter>SRC</Filter>
    </ClCompile>
    <ClCompile Include="..\..\..\Toolbox\superlu-src\dcopy_to_ucol.c">
      <Filter>SRC</Filter>
    </ClCompile>
    <ClCompile Include="..\..\..\Toolbox\superlu-src\dcomplex.c">
      <Filter>SRC</Filter>
    </ClCompile>
    <ClCompile Include="..\..\..\Toolbox\superlu-src\dcolumn_dfs.c">
      <Filter>SRC</Filter>
    </ClCompile>
    <ClCompile Include="..\..\..\Toolbox\superlu-src\dcolumn_bmod.c">
      <Filter>SRC</Filter>
    </ClCompile>
    <ClCompile Include="..\..\..\Toolbox\superlu-src\cutil.c">
      <Filter>SRC</Filter>
    </ClCompile>
    <ClCompile Include="..\..\..\Toolbox\superlu-src\csp_blas3.c">
      <Filter>SRC</Filter>
    </ClCompile>
    <ClCompile Include="..\..\..\Toolbox\superlu-src\csp_blas2.c">
      <Filter>SRC</Filter>
    </ClCompile>
    <ClCompile Include="..\..\..\Toolbox\superlu-src\csnode_dfs.c">
      <Filter>SRC</Filter>
    </ClCompile>
    <ClCompile Include="..\..\..\Toolbox\superlu-src\csnode_bmod.c">
      <Filter>SRC</Filter>
    </ClCompile>
    <ClCompile Include="..\..\..\Toolbox\superlu-src\creadtriple.c">
      <Filter>SRC</Filter>
    </ClCompile>
    <ClCompile Include="..\..\..\Toolbox\superlu-src\creadrb.c">
      <Filter>SRC</Filter>
    </ClCompile>
    <ClCompile Include="..\..\..\Toolbox\superlu-src\creadMM.c">
      <Filter>SRC</Filter>
    </ClCompile>
    <ClCompile Include="..\..\..\Toolbox\superlu-src\creadhb.c">
      <Filter>SRC</Filter>
    </ClCompile>
    <ClCompile Include="..\..\..\Toolbox\superlu-src\cpruneL.c">
      <Filter>SRC</Filter>
    </ClCompile>
    <ClCompile Include="..\..\..\Toolbox\superlu-src\cpivotL.c">
      <Filter>SRC</Filter>
    </ClCompile>
    <ClCompile Include="..\..\..\Toolbox\superlu-src\cpivotgrowth.c">
      <Filter>SRC</Filter>
    </ClCompile>
    <ClCompile Include="..\..\..\Toolbox\superlu-src\cpanel_dfs.c">
      <Filter>SRC</Filter>
    </ClCompile>
    <ClCompile Include="..\..\..\Toolbox\superlu-src\cpanel_bmod.c">
      <Filter>SRC</Filter>
    </ClCompile>
    <ClCompile Include="..\..\..\Toolbox\superlu-src\colamd.c">
      <Filter>SRC</Filter>
    </ClCompile>
    <ClCompile Include="..\..\..\Toolbox\superlu-src\cmyblas2.c">
      <Filter>SRC</Filter>
    </ClCompile>
    <ClCompile Include="..\..\..\Toolbox\superlu-src\cmemory.c">
      <Filter>SRC</Filter>
    </ClCompile>
    <ClCompile Include="..\..\..\Toolbox\superlu-src\cldperm.c">
      <Filter>SRC</Filter>
    </ClCompile>
    <ClCompile Include="..\..\..\Toolbox\superlu-src\claqgs.c">
      <Filter>SRC</Filter>
    </ClCompile>
    <ClCompile Include="..\..\..\Toolbox\superlu-src\clangs.c">
      <Filter>SRC</Filter>
    </ClCompile>
    <ClCompile Include="..\..\..\Toolbox\superlu-src\clacon2.c">
      <Filter>SRC</Filter>
    </ClCompile>
    <ClCompile Include="..\..\..\Toolbox\superlu-src\cgstrs.c">
      <Filter>SRC</Filter>
    </ClCompile>
    <ClCompile Include="..\..\..\Toolbox\superlu-src\cgstrf.c">
      <Filter>SRC</Filter>
    </ClCompile>
    <ClCompile Include="..\..\..\Toolbox\superlu-src\cgssvx.c">
      <Filter>SRC</Filter>
    </ClCompile>
    <ClCompile Include="..\..\..\Toolbox\superlu-src\cgssv.c">
      <Filter>SRC</Filter>
    </ClCompile>
    <ClCompile Include="..\..\..\Toolbox\superlu-src\cgsrfs.c">
      <Filter>SRC</Filter>
    </ClCompile>
    <ClCompile Include="..\..\..\Toolbox\superlu-src\cgsitrf.c">
      <Filter>SRC</Filter>
    </ClCompile>
    <ClCompile Include="..\..\..\Toolbox\superlu-src\cgsisx.c">
      <Filter>SRC</Filter>
    </ClCompile>
    <ClCompile Include="..\..\..\Toolbox\superlu-src\cgsequ.c">
      <Filter>SRC</Filter>
    </ClCompile>
    <ClCompile Include="..\..\..\Toolbox\superlu-src\cgscon.c">
      <Filter>SRC</Filter>
    </ClCompile>
    <ClCompile Include="..\..\..\Toolbox\superlu-src\cdiagonal.c">
      <Filter>SRC</Filter>
    </ClCompile>
    <ClCompile Include="..\..\..\Toolbox\superlu-src\ccopy_to_ucol.c">
      <Filter>SRC</Filter>
    </ClCompile>
    <ClCompile Include="..\..\..\Toolbox\superlu-src\ccolumn_dfs.c">
      <Filter>SRC</Filter>
    </ClCompile>
    <ClCompile Include="..\..\..\Toolbox\superlu-src\ccolumn_bmod.c">
      <Filter>SRC</Filter>
    </ClCompile>
  </ItemGroup>
</Project>